
Microsoft Visual Studio Solution File, Format Version 12.00
# Visual Studio Version 17
VisualStudioVersion = 17.3.32922.545
MinimumVisualStudioVersion = 10.0.40219.1
Project("{FAE04EC0-301F-11D3-BF4B-00C04F79EFBC}") = "C3-22042024", "C3-22042024.csproj", "{9EEFD154-7ED6-44A1-BEAE-8566F98FA664}"
EndProject
Global
	GlobalSection(SolutionConfigurationPlatforms) = preSolution
		Debug|Any CPU = Debug|Any CPU
		Release|Any CPU = Release|Any CPU
	EndGlobalSection
	GlobalSection(ProjectConfigurationPlatforms) = postSolution
		{9EEFD154-7ED6-44A1-BEAE-8566F98FA664}.Debug|Any CPU.ActiveCfg = Debug|Any CPU
		{9EEFD154-7ED6-44A1-BEAE-8566F98FA664}.Debug|Any CPU.Build.0 = Debug|Any CPU
		{9EEFD154-7ED6-44A1-BEAE-8566F98FA664}.Release|Any CPU.ActiveCfg = Release|Any CPU
		{9EEFD154-7ED6-44A1-BEAE-8566F98FA664}.Release|Any CPU.Build.0 = Release|Any CPU
	EndGlobalSection
	GlobalSection(SolutionProperties) = preSolution
		HideSolutionNode = FALSE
	EndGlobalSection
	GlobalSection(ExtensibilityGlobals) = postSolution
		SolutionGuid = {3633BE38-510A-4587-AD84-9D3128047AAA}
	EndGlobalSection
EndGlobal
