
Microsoft Visual Studio Solution File, Format Version 12.00
# Visual Studio Version 17
VisualStudioVersion = 17.9.34728.123
MinimumVisualStudioVersion = 10.0.40219.1
Project("{FAE04EC0-301F-11D3-BF4B-00C04F79EFBC}") = "C11-Excepciones-Ejemplos", "C11-Excepciones-Ejemplos.csproj", "{87F44338-BED1-4DF8-A6B5-0F4DD20386FC}"
EndProject
Global
	GlobalSection(SolutionConfigurationPlatforms) = preSolution
		Debug|Any CPU = Debug|Any CPU
		Release|Any CPU = Release|Any CPU
	EndGlobalSection
	GlobalSection(ProjectConfigurationPlatforms) = postSolution
		{87F44338-BED1-4DF8-A6B5-0F4DD20386FC}.Debug|Any CPU.ActiveCfg = Debug|Any CPU
		{87F44338-BED1-4DF8-A6B5-0F4DD20386FC}.Debug|Any CPU.Build.0 = Debug|Any CPU
		{87F44338-BED1-4DF8-A6B5-0F4DD20386FC}.Release|Any CPU.ActiveCfg = Release|Any CPU
		{87F44338-BED1-4DF8-A6B5-0F4DD20386FC}.Release|Any CPU.Build.0 = Release|Any CPU
	EndGlobalSection
	GlobalSection(SolutionProperties) = preSolution
		HideSolutionNode = FALSE
	EndGlobalSection
	GlobalSection(ExtensibilityGlobals) = postSolution
		SolutionGuid = {9A26822D-A084-4C8A-828B-C0A4097C2476}
	EndGlobalSection
EndGlobal
