
Microsoft Visual Studio Solution File, Format Version 12.00
# Visual Studio Version 17
VisualStudioVersion = 17.9.34728.123
MinimumVisualStudioVersion = 10.0.40219.1
Project("{FAE04EC0-301F-11D3-BF4B-00C04F79EFBC}") = "C4-290424", "C4-290424\C4-290424.csproj", "{D5570EA0-C421-4CA8-83B5-567C9D1F1022}"
EndProject
Global
	GlobalSection(SolutionConfigurationPlatforms) = preSolution
		Debug|Any CPU = Debug|Any CPU
		Release|Any CPU = Release|Any CPU
	EndGlobalSection
	GlobalSection(ProjectConfigurationPlatforms) = postSolution
		{D5570EA0-C421-4CA8-83B5-567C9D1F1022}.Debug|Any CPU.ActiveCfg = Debug|Any CPU
		{D5570EA0-C421-4CA8-83B5-567C9D1F1022}.Debug|Any CPU.Build.0 = Debug|Any CPU
		{D5570EA0-C421-4CA8-83B5-567C9D1F1022}.Release|Any CPU.ActiveCfg = Release|Any CPU
		{D5570EA0-C421-4CA8-83B5-567C9D1F1022}.Release|Any CPU.Build.0 = Release|Any CPU
	EndGlobalSection
	GlobalSection(SolutionProperties) = preSolution
		HideSolutionNode = FALSE
	EndGlobalSection
	GlobalSection(ExtensibilityGlobals) = postSolution
		SolutionGuid = {12E2B271-C93C-4645-838A-D818DFE5A949}
	EndGlobalSection
EndGlobal
